PODS:
  - DependencyInjection (2.0.2)
  - DetailScreen (0.0.1):
    - DetailScreen/Implementation (= 0.0.1)
    - DetailScreen/Interface (= 0.0.1)
  - DetailScreen/Implementation (0.0.1):
    - DependencyInjection
    - DetailScreen/Interface
    - SharedUIComponents/Interface
  - DetailScreen/Interface (0.0.1):
    - Navigation/Interface
  - DetailScreen/Tests (0.0.1):
    - DependencyInjection
    - DetailScreen/Interface
  - Main (0.0.1):
    - Main/Implementation (= 0.0.1)
    - Main/Interface (= 0.0.1)
  - Main/Implementation (0.0.1):
    - DependencyInjection
    - DetailScreen/Interface
    - Main/Interface
    - SharedUIComponents/Interface
  - Main/Interface (0.0.1):
    - Navigation/Interface
  - Main/Tests (0.0.1)
  - Navigation (0.0.1):
    - Navigation/Implementation (= 0.0.1)
    - Navigation/Interface (= 0.0.1)
  - Navigation/Implementation (0.0.1):
    - Navigation/Interface
  - Navigation/Interface (0.0.1)
  - SharedUIComponents (0.0.1):
    - SharedUIComponents/Implementation (= 0.0.1)
    - SharedUIComponents/Interface (= 0.0.1)
  - SharedUIComponents/Implementation (0.0.1):
    - SharedUIComponents/Interface
  - SharedUIComponents/Interface (0.0.1)

DEPENDENCIES:
  - DependencyInjection
  - DetailScreen (from `./Modules/DetailScreen/DetailScreen.podspec`)
  - DetailScreen/Tests (from `./Modules/DetailScreen/DetailScreen.podspec`)
  - Main (from `./Modules/Main/Main.podspec`)
  - Main/Tests (from `./Modules/Main/Main.podspec`)
  - Navigation (from `./Modules/Navigation/Navigation.podspec`)
  - SharedUIComponents (from `./Modules/SharedUIComponents/SharedUIComponents.podspec`)

SPEC REPOS:
  trunk:
    - DependencyInjection

EXTERNAL SOURCES:
  DetailScreen:
    :path: "./Modules/DetailScreen/DetailScreen.podspec"
  Main:
    :path: "./Modules/Main/Main.podspec"
  Navigation:
    :path: "./Modules/Navigation/Navigation.podspec"
  SharedUIComponents:
    :path: "./Modules/SharedUIComponents/SharedUIComponents.podspec"

SPEC CHECKSUMS:
  DependencyInjection: 49b0bcf0dff64054826d897d3431a1984de9edba
  DetailScreen: e7a4ce7f5351677ac162a465175fce23e8e2a1b8
  Main: 6d789d41a664e0ba17a7b0d1d9bd3d07c010067e
  Navigation: b58ed50c617db66bfdc7a14533485f93691912cd
  SharedUIComponents: 468fe2151b38447ac0a3028ec7a56ba755254538

PODFILE CHECKSUM: 57a5f946d4ff929365d9721d85f1fa63ef7f343a

COCOAPODS: 1.11.3
