// !$*UTF8*$!
{
	archiveVersion = 1;
	classes = {
	};
	objectVersion = 50;
	objects = {

/* Begin PBXBuildFile section */
		4BF079B6A83D3C59C331237F /* Pods_DIExample.framework in Frameworks */ = {isa = PBXBuildFile; fileRef = E8D1801577EB9B2F61B4C559 /* Pods_DIExample.framework */; };
		4D34FC16882B64DB04D0CFA2 /* Pods_DIExample_DIExampleUITests.framework in Frameworks */ = {isa = PBXBuildFile; fileRef = B4BD4F6F87522D88767E9A32 /* Pods_DIExample_DIExampleUITests.framework */; };
		E856C9EE2684FA36004127EE /* OverviewListView.swift in Sources */ = {isa = PBXBuildFile; fileRef = E856C9ED2684FA36004127EE /* OverviewListView.swift */; };
		E856C9F02684FA97004127EE /* OverviewViewModel.swift in Sources */ = {isa = PBXBuildFile; fileRef = E856C9EF2684FA97004127EE /* OverviewViewModel.swift */; };
		E856C9F22684FAA6004127EE /* AnyViewConvertible.swift in Sources */ = {isa = PBXBuildFile; fileRef = E856C9F12684FAA6004127EE /* AnyViewConvertible.swift */; };
		E856C9F426850599004127EE /* DependencyInjection.swift in Sources */ = {isa = PBXBuildFile; fileRef = E856C9F326850599004127EE /* DependencyInjection.swift */; };
		E88281342684F22E00B636AB /* AppDelegate.swift in Sources */ = {isa = PBXBuildFile; fileRef = E88281332684F22E00B636AB /* AppDelegate.swift */; };
		E88281362684F22E00B636AB /* SceneDelegate.swift in Sources */ = {isa = PBXBuildFile; fileRef = E88281352684F22E00B636AB /* SceneDelegate.swift */; };
		E88281382684F22E00B636AB /* ContentView.swift in Sources */ = {isa = PBXBuildFile; fileRef = E88281372684F22E00B636AB /* ContentView.swift */; };
		E882813A2684F23500B636AB /* Assets.xcassets in Resources */ = {isa = PBXBuildFile; fileRef = E88281392684F23500B636AB /* Assets.xcassets */; };
		E882813D2684F23500B636AB /* Preview Assets.xcassets in Resources */ = {isa = PBXBuildFile; fileRef = E882813C2684F23500B636AB /* Preview Assets.xcassets */; };
		E88281402684F23500B636AB /* LaunchScreen.storyboard in Resources */ = {isa = PBXBuildFile; fileRef = E882813E2684F23500B636AB /* LaunchScreen.storyboard */; };
		E882814B2684F23500B636AB /* DIExampleTests.swift in Sources */ = {isa = PBXBuildFile; fileRef = E882814A2684F23500B636AB /* DIExampleTests.swift */; };
		E88281562684F23500B636AB /* DIExampleUITests.swift in Sources */ = {isa = PBXBuildFile; fileRef = E88281552684F23500B636AB /* DIExampleUITests.swift */; };
		FC2A076DA384EF4C7C64A0AF /* Pods_DIExampleTests.framework in Frameworks */ = {isa = PBXBuildFile; fileRef = D4DA0D3C90B225664F80C1F8 /* Pods_DIExampleTests.framework */; };
/* End PBXBuildFile section */

/* Begin PBXContainerItemProxy section */
		E88281472684F23500B636AB /* PBXContainerItemProxy */ = {
			isa = PBXContainerItemProxy;
			containerPortal = E88281282684F22E00B636AB /* Project object */;
			proxyType = 1;
			remoteGlobalIDString = E882812F2684F22E00B636AB;
			remoteInfo = DIExample;
		};
		E88281522684F23500B636AB /* PBXContainerItemProxy */ = {
			isa = PBXContainerItemProxy;
			containerPortal = E88281282684F22E00B636AB /* Project object */;
			proxyType = 1;
			remoteGlobalIDString = E882812F2684F22E00B636AB;
			remoteInfo = DIExample;
		};
/* End PBXContainerItemProxy section */

/* Begin PBXFileReference section */
		35626CDB80E606E4D1C94FF6 /* Pods-DIExampleTests.release.xcconfig */ = {isa = PBXFileReference; includeInIndex = 1; lastKnownFileType = text.xcconfig; name = "Pods-DIExampleTests.release.xcconfig"; path = "Target Support Files/Pods-DIExampleTests/Pods-DIExampleTests.release.xcconfig"; sourceTree = "<group>"; };
		40404BB4EEA3E046224B08E8 /* Pods-DIExample.debug.xcconfig */ = {isa = PBXFileReference; includeInIndex = 1; lastKnownFileType = text.xcconfig; name = "Pods-DIExample.debug.xcconfig"; path = "Target Support Files/Pods-DIExample/Pods-DIExample.debug.xcconfig"; sourceTree = "<group>"; };
		5FC3785C5EAED6E6D87D7C76 /* Pods-DIExample-DIExampleUITests.release.xcconfig */ = {isa = PBXFileReference; includeInIndex = 1; lastKnownFileType = text.xcconfig; name = "Pods-DIExample-DIExampleUITests.release.xcconfig"; path = "Target Support Files/Pods-DIExample-DIExampleUITests/Pods-DIExample-DIExampleUITests.release.xcconfig"; sourceTree = "<group>"; };
		ADA38048F27B704420055CDE /* Pods-DIExample-DIExampleUITests.debug.xcconfig */ = {isa = PBXFileReference; includeInIndex = 1; lastKnownFileType = text.xcconfig; name = "Pods-DIExample-DIExampleUITests.debug.xcconfig"; path = "Target Support Files/Pods-DIExample-DIExampleUITests/Pods-DIExample-DIExampleUITests.debug.xcconfig"; sourceTree = "<group>"; };
		B4BD4F6F87522D88767E9A32 /* Pods_DIExample_DIExampleUITests.framework */ = {isa = PBXFileReference; explicitFileType = wrapper.framework; includeInIndex = 0; path = Pods_DIExample_DIExampleUITests.framework; sourceTree = BUILT_PRODUCTS_DIR; };
		D4DA0D3C90B225664F80C1F8 /* Pods_DIExampleTests.framework */ = {isa = PBXFileReference; explicitFileType = wrapper.framework; includeInIndex = 0; path = Pods_DIExampleTests.framework; sourceTree = BUILT_PRODUCTS_DIR; };
		D556F61D9D6322169AF34F34 /* Pods-DIExampleTests.debug.xcconfig */ = {isa = PBXFileReference; includeInIndex = 1; lastKnownFileType = text.xcconfig; name = "Pods-DIExampleTests.debug.xcconfig"; path = "Target Support Files/Pods-DIExampleTests/Pods-DIExampleTests.debug.xcconfig"; sourceTree = "<group>"; };
		D990234D698C1F0A5C45B60D /* Pods-DIExample.release.xcconfig */ = {isa = PBXFileReference; includeInIndex = 1; lastKnownFileType = text.xcconfig; name = "Pods-DIExample.release.xcconfig"; path = "Target Support Files/Pods-DIExample/Pods-DIExample.release.xcconfig"; sourceTree = "<group>"; };
		E856C9ED2684FA36004127EE /* OverviewListView.swift */ = {isa = PBXFileReference; lastKnownFileType = sourcecode.swift; path = OverviewListView.swift; sourceTree = "<group>"; };
		E856C9EF2684FA97004127EE /* OverviewViewModel.swift */ = {isa = PBXFileReference; lastKnownFileType = sourcecode.swift; path = OverviewViewModel.swift; sourceTree = "<group>"; };
		E856C9F12684FAA6004127EE /* AnyViewConvertible.swift */ = {isa = PBXFileReference; lastKnownFileType = sourcecode.swift; path = AnyViewConvertible.swift; sourceTree = "<group>"; };
		E856C9F326850599004127EE /* DependencyInjection.swift */ = {isa = PBXFileReference; lastKnownFileType = sourcecode.swift; path = DependencyInjection.swift; sourceTree = "<group>"; };
		E88281302684F22E00B636AB /* DIExample.app */ = {isa = PBXFileReference; explicitFileType = wrapper.application; includeInIndex = 0; path = DIExample.app; sourceTree = BUILT_PRODUCTS_DIR; };
		E88281332684F22E00B636AB /* AppDelegate.swift */ = {isa = PBXFileReference; lastKnownFileType = sourcecode.swift; path = AppDelegate.swift; sourceTree = "<group>"; };
		E88281352684F22E00B636AB /* SceneDelegate.swift */ = {isa = PBXFileReference; lastKnownFileType = sourcecode.swift; path = SceneDelegate.swift; sourceTree = "<group>"; };
		E88281372684F22E00B636AB /* ContentView.swift */ = {isa = PBXFileReference; lastKnownFileType = sourcecode.swift; path = ContentView.swift; sourceTree = "<group>"; };
		E88281392684F23500B636AB /* Assets.xcassets */ = {isa = PBXFileReference; lastKnownFileType = folder.assetcatalog; path = Assets.xcassets; sourceTree = "<group>"; };
		E882813C2684F23500B636AB /* Preview Assets.xcassets */ = {isa = PBXFileReference; lastKnownFileType = folder.assetcatalog; path = "Preview Assets.xcassets"; sourceTree = "<group>"; };
		E882813F2684F23500B636AB /* Base */ = {isa = PBXFileReference; lastKnownFileType = file.storyboard; name = Base; path = Base.lproj/LaunchScreen.storyboard; sourceTree = "<group>"; };
		E88281412684F23500B636AB /* Info.plist */ = {isa = PBXFileReference; lastKnownFileType = text.plist.xml; path = Info.plist; sourceTree = "<group>"; };
		E88281462684F23500B636AB /* DIExampleTests.xctest */ = {isa = PBXFileReference; explicitFileType = wrapper.cfbundle; includeInIndex = 0; path = DIExampleTests.xctest; sourceTree = BUILT_PRODUCTS_DIR; };
		E882814A2684F23500B636AB /* DIExampleTests.swift */ = {isa = PBXFileReference; lastKnownFileType = sourcecode.swift; path = DIExampleTests.swift; sourceTree = "<group>"; };
		E882814C2684F23500B636AB /* Info.plist */ = {isa = PBXFileReference; lastKnownFileType = text.plist.xml; path = Info.plist; sourceTree = "<group>"; };
		E88281512684F23500B636AB /* DIExampleUITests.xctest */ = {isa = PBXFileReference; explicitFileType = wrapper.cfbundle; includeInIndex = 0; path = DIExampleUITests.xctest; sourceTree = BUILT_PRODUCTS_DIR; };
		E88281552684F23500B636AB /* DIExampleUITests.swift */ = {isa = PBXFileReference; lastKnownFileType = sourcecode.swift; path = DIExampleUITests.swift; sourceTree = "<group>"; };
		E88281572684F23500B636AB /* Info.plist */ = {isa = PBXFileReference; lastKnownFileType = text.plist.xml; path = Info.plist; sourceTree = "<group>"; };
		E8D1801577EB9B2F61B4C559 /* Pods_DIExample.framework */ = {isa = PBXFileReference; explicitFileType = wrapper.framework; includeInIndex = 0; path = Pods_DIExample.framework; sourceTree = BUILT_PRODUCTS_DIR; };
/* End PBXFileReference section */

/* Begin PBXFrameworksBuildPhase section */
		E882812D2684F22E00B636AB /* Frameworks */ = {
			isa = PBXFrameworksBuildPhase;
			buildActionMask = 2147483647;
			files = (
				4BF079B6A83D3C59C331237F /* Pods_DIExample.framework in Frameworks */,
			);
			runOnlyForDeploymentPostprocessing = 0;
		};
		E88281432684F23500B636AB /* Frameworks */ = {
			isa = PBXFrameworksBuildPhase;
			buildActionMask = 2147483647;
			files = (
				FC2A076DA384EF4C7C64A0AF /* Pods_DIExampleTests.framework in Frameworks */,
			);
			runOnlyForDeploymentPostprocessing = 0;
		};
		E882814E2684F23500B636AB /* Frameworks */ = {
			isa = PBXFrameworksBuildPhase;
			buildActionMask = 2147483647;
			files = (
				4D34FC16882B64DB04D0CFA2 /* Pods_DIExample_DIExampleUITests.framework in Frameworks */,
			);
			runOnlyForDeploymentPostprocessing = 0;
		};
/* End PBXFrameworksBuildPhase section */

/* Begin PBXGroup section */
		3FFA57ABCBF59220B8FFBFC9 /* Frameworks */ = {
			isa = PBXGroup;
			children = (
				E8D1801577EB9B2F61B4C559 /* Pods_DIExample.framework */,
				B4BD4F6F87522D88767E9A32 /* Pods_DIExample_DIExampleUITests.framework */,
				D4DA0D3C90B225664F80C1F8 /* Pods_DIExampleTests.framework */,
			);
			name = Frameworks;
			sourceTree = "<group>";
		};
		7EC57CC5CAE2F30D79A2903E /* Pods */ = {
			isa = PBXGroup;
			children = (
				40404BB4EEA3E046224B08E8 /* Pods-DIExample.debug.xcconfig */,
				D990234D698C1F0A5C45B60D /* Pods-DIExample.release.xcconfig */,
				ADA38048F27B704420055CDE /* Pods-DIExample-DIExampleUITests.debug.xcconfig */,
				5FC3785C5EAED6E6D87D7C76 /* Pods-DIExample-DIExampleUITests.release.xcconfig */,
				D556F61D9D6322169AF34F34 /* Pods-DIExampleTests.debug.xcconfig */,
				35626CDB80E606E4D1C94FF6 /* Pods-DIExampleTests.release.xcconfig */,
			);
			path = Pods;
			sourceTree = "<group>";
		};
		E88281272684F22E00B636AB = {
			isa = PBXGroup;
			children = (
				E88281322684F22E00B636AB /* DIExample */,
				E88281492684F23500B636AB /* DIExampleTests */,
				E88281542684F23500B636AB /* DIExampleUITests */,
				E88281312684F22E00B636AB /* Products */,
				7EC57CC5CAE2F30D79A2903E /* Pods */,
				3FFA57ABCBF59220B8FFBFC9 /* Frameworks */,
			);
			sourceTree = "<group>";
		};
		E88281312684F22E00B636AB /* Products */ = {
			isa = PBXGroup;
			children = (
				E88281302684F22E00B636AB /* DIExample.app */,
				E88281462684F23500B636AB /* DIExampleTests.xctest */,
				E88281512684F23500B636AB /* DIExampleUITests.xctest */,
			);
			name = Products;
			sourceTree = "<group>";
		};
		E88281322684F22E00B636AB /* DIExample */ = {
			isa = PBXGroup;
			children = (
				E88281332684F22E00B636AB /* AppDelegate.swift */,
				E856C9ED2684FA36004127EE /* OverviewListView.swift */,
				E856C9F326850599004127EE /* DependencyInjection.swift */,
				E856C9EF2684FA97004127EE /* OverviewViewModel.swift */,
				E856C9F12684FAA6004127EE /* AnyViewConvertible.swift */,
				E88281352684F22E00B636AB /* SceneDelegate.swift */,
				E88281372684F22E00B636AB /* ContentView.swift */,
				E88281392684F23500B636AB /* Assets.xcassets */,
				E882813E2684F23500B636AB /* LaunchScreen.storyboard */,
				E88281412684F23500B636AB /* Info.plist */,
				E882813B2684F23500B636AB /* Preview Content */,
			);
			path = DIExample;
			sourceTree = "<group>";
		};
		E882813B2684F23500B636AB /* Preview Content */ = {
			isa = PBXGroup;
			children = (
				E882813C2684F23500B636AB /* Preview Assets.xcassets */,
			);
			path = "Preview Content";
			sourceTree = "<group>";
		};
		E88281492684F23500B636AB /* DIExampleTests */ = {
			isa = PBXGroup;
			children = (
				E882814A2684F23500B636AB /* DIExampleTests.swift */,
				E882814C2684F23500B636AB /* Info.plist */,
			);
			path = DIExampleTests;
			sourceTree = "<group>";
		};
		E88281542684F23500B636AB /* DIExampleUITests */ = {
			isa = PBXGroup;
			children = (
				E88281552684F23500B636AB /* DIExampleUITests.swift */,
				E88281572684F23500B636AB /* Info.plist */,
			);
			path = DIExampleUITests;
			sourceTree = "<group>";
		};
/* End PBXGroup section */

/* Begin PBXNativeTarget section */
		E882812F2684F22E00B636AB /* DIExample */ = {
			isa = PBXNativeTarget;
			buildConfigurationList = E882815A2684F23600B636AB /* Build configuration list for PBXNativeTarget "DIExample" */;
			buildPhases = (
				888BE3248C79AB4115A422B5 /* [CP] Check Pods Manifest.lock */,
				E882812C2684F22E00B636AB /* Sources */,
				E882812D2684F22E00B636AB /* Frameworks */,
				E882812E2684F22E00B636AB /* Resources */,
				CE925C82FBB15AE864115BAE /* [CP] Embed Pods Frameworks */,
			);
			buildRules = (
			);
			dependencies = (
			);
			name = DIExample;
			productName = DIExample;
			productReference = E88281302684F22E00B636AB /* DIExample.app */;
			productType = "com.apple.product-type.application";
		};
		E88281452684F23500B636AB /* DIExampleTests */ = {
			isa = PBXNativeTarget;
			buildConfigurationList = E882815D2684F23600B636AB /* Build configuration list for PBXNativeTarget "DIExampleTests" */;
			buildPhases = (
				47005A805F8CF0330EB2A578 /* [CP] Check Pods Manifest.lock */,
				E88281422684F23500B636AB /* Sources */,
				E88281432684F23500B636AB /* Frameworks */,
				E88281442684F23500B636AB /* Resources */,
			);
			buildRules = (
			);
			dependencies = (
				E88281482684F23500B636AB /* PBXTargetDependency */,
			);
			name = DIExampleTests;
			productName = DIExampleTests;
			productReference = E88281462684F23500B636AB /* DIExampleTests.xctest */;
			productType = "com.apple.product-type.bundle.unit-test";
		};
		E88281502684F23500B636AB /* DIExampleUITests */ = {
			isa = PBXNativeTarget;
			buildConfigurationList = E88281602684F23600B636AB /* Build configuration list for PBXNativeTarget "DIExampleUITests" */;
			buildPhases = (
				13707108B7D07B7B8ED5F278 /* [CP] Check Pods Manifest.lock */,
				E882814D2684F23500B636AB /* Sources */,
				E882814E2684F23500B636AB /* Frameworks */,
				E882814F2684F23500B636AB /* Resources */,
				D8FFBB764CEE722102A41F29 /* [CP] Embed Pods Frameworks */,
			);
			buildRules = (
			);
			dependencies = (
				E88281532684F23500B636AB /* PBXTargetDependency */,
			);
			name = DIExampleUITests;
			productName = DIExampleUITests;
			productReference = E88281512684F23500B636AB /* DIExampleUITests.xctest */;
			productType = "com.apple.product-type.bundle.ui-testing";
		};
/* End PBXNativeTarget section */

/* Begin PBXProject section */
		E88281282684F22E00B636AB /* Project object */ = {
			isa = PBXProject;
			attributes = {
				LastSwiftUpdateCheck = 1250;
				LastUpgradeCheck = 1250;
				TargetAttributes = {
					E882812F2684F22E00B636AB = {
						CreatedOnToolsVersion = 12.5;
					};
					E88281452684F23500B636AB = {
						CreatedOnToolsVersion = 12.5;
						TestTargetID = E882812F2684F22E00B636AB;
					};
					E88281502684F23500B636AB = {
						CreatedOnToolsVersion = 12.5;
						TestTargetID = E882812F2684F22E00B636AB;
					};
				};
			};
			buildConfigurationList = E882812B2684F22E00B636AB /* Build configuration list for PBXProject "DIExample" */;
			compatibilityVersion = "Xcode 9.3";
			developmentRegion = en;
			hasScannedForEncodings = 0;
			knownRegions = (
				en,
				Base,
			);
			mainGroup = E88281272684F22E00B636AB;
			productRefGroup = E88281312684F22E00B636AB /* Products */;
			projectDirPath = "";
			projectRoot = "";
			targets = (
				E882812F2684F22E00B636AB /* DIExample */,
				E88281452684F23500B636AB /* DIExampleTests */,
				E88281502684F23500B636AB /* DIExampleUITests */,
			);
		};
/* End PBXProject section */

/* Begin PBXResourcesBuildPhase section */
		E882812E2684F22E00B636AB /* Resources */ = {
			isa = PBXResourcesBuildPhase;
			buildActionMask = 2147483647;
			files = (
				E88281402684F23500B636AB /* LaunchScreen.storyboard in Resources */,
				E882813D2684F23500B636AB /* Preview Assets.xcassets in Resources */,
				E882813A2684F23500B636AB /* Assets.xcassets in Resources */,
			);
			runOnlyForDeploymentPostprocessing = 0;
		};
		E88281442684F23500B636AB /* Resources */ = {
			isa = PBXResourcesBuildPhase;
			buildActionMask = 2147483647;
			files = (
			);
			runOnlyForDeploymentPostprocessing = 0;
		};
		E882814F2684F23500B636AB /* Resources */ = {
			isa = PBXResourcesBuildPhase;
			buildActionMask = 2147483647;
			files = (
			);
			runOnlyForDeploymentPostprocessing = 0;
		};
/* End PBXResourcesBuildPhase section */

/* Begin PBXShellScriptBuildPhase section */
		13707108B7D07B7B8ED5F278 /* [CP] Check Pods Manifest.lock */ = {
			isa = PBXShellScriptBuildPhase;
			buildActionMask = 2147483647;
			files = (
			);
			inputFileListPaths = (
			);
			inputPaths = (
				"${PODS_PODFILE_DIR_PATH}/Podfile.lock",
				"${PODS_ROOT}/Manifest.lock",
			);
			name = "[CP] Check Pods Manifest.lock";
			outputFileListPaths = (
			);
			outputPaths = (
				"$(DERIVED_FILE_DIR)/Pods-DIExample-DIExampleUITests-checkManifestLockResult.txt",
			);
			runOnlyForDeploymentPostprocessing = 0;
			shellPath = /bin/sh;
			shellScript = "diff \"${PODS_PODFILE_DIR_PATH}/Podfile.lock\" \"${PODS_ROOT}/Manifest.lock\" > /dev/null\nif [ $? != 0 ] ; then\n    # print error to STDERR\n    echo \"error: The sandbox is not in sync with the Podfile.lock. Run 'pod install' or update your CocoaPods installation.\" >&2\n    exit 1\nfi\n# This output is used by Xcode 'outputs' to avoid re-running this script phase.\necho \"SUCCESS\" > \"${SCRIPT_OUTPUT_FILE_0}\"\n";
			showEnvVarsInLog = 0;
		};
		47005A805F8CF0330EB2A578 /* [CP] Check Pods Manifest.lock */ = {
			isa = PBXShellScriptBuildPhase;
			buildActionMask = 2147483647;
			files = (
			);
			inputFileListPaths = (
			);
			inputPaths = (
				"${PODS_PODFILE_DIR_PATH}/Podfile.lock",
				"${PODS_ROOT}/Manifest.lock",
			);
			name = "[CP] Check Pods Manifest.lock";
			outputFileListPaths = (
			);
			outputPaths = (
				"$(DERIVED_FILE_DIR)/Pods-DIExampleTests-checkManifestLockResult.txt",
			);
			runOnlyForDeploymentPostprocessing = 0;
			shellPath = /bin/sh;
			shellScript = "diff \"${PODS_PODFILE_DIR_PATH}/Podfile.lock\" \"${PODS_ROOT}/Manifest.lock\" > /dev/null\nif [ $? != 0 ] ; then\n    # print error to STDERR\n    echo \"error: The sandbox is not in sync with the Podfile.lock. Run 'pod install' or update your CocoaPods installation.\" >&2\n    exit 1\nfi\n# This output is used by Xcode 'outputs' to avoid re-running this script phase.\necho \"SUCCESS\" > \"${SCRIPT_OUTPUT_FILE_0}\"\n";
			showEnvVarsInLog = 0;
		};
		888BE3248C79AB4115A422B5 /* [CP] Check Pods Manifest.lock */ = {
			isa = PBXShellScriptBuildPhase;
			buildActionMask = 2147483647;
			files = (
			);
			inputFileListPaths = (
			);
			inputPaths = (
				"${PODS_PODFILE_DIR_PATH}/Podfile.lock",
				"${PODS_ROOT}/Manifest.lock",
			);
			name = "[CP] Check Pods Manifest.lock";
			outputFileListPaths = (
			);
			outputPaths = (
				"$(DERIVED_FILE_DIR)/Pods-DIExample-checkManifestLockResult.txt",
			);
			runOnlyForDeploymentPostprocessing = 0;
			shellPath = /bin/sh;
			shellScript = "diff \"${PODS_PODFILE_DIR_PATH}/Podfile.lock\" \"${PODS_ROOT}/Manifest.lock\" > /dev/null\nif [ $? != 0 ] ; then\n    # print error to STDERR\n    echo \"error: The sandbox is not in sync with the Podfile.lock. Run 'pod install' or update your CocoaPods installation.\" >&2\n    exit 1\nfi\n# This output is used by Xcode 'outputs' to avoid re-running this script phase.\necho \"SUCCESS\" > \"${SCRIPT_OUTPUT_FILE_0}\"\n";
			showEnvVarsInLog = 0;
		};
		CE925C82FBB15AE864115BAE /* [CP] Embed Pods Frameworks */ = {
			isa = PBXShellScriptBuildPhase;
			buildActionMask = 2147483647;
			files = (
			);
			inputFileListPaths = (
			);
			name = "[CP] Embed Pods Frameworks";
			outputFileListPaths = (
			);
			runOnlyForDeploymentPostprocessing = 0;
			shellPath = /bin/sh;
			shellScript = "\"${PODS_ROOT}/Target Support Files/Pods-DIExample/Pods-DIExample-frameworks.sh\"\n";
			showEnvVarsInLog = 0;
		};
		D8FFBB764CEE722102A41F29 /* [CP] Embed Pods Frameworks */ = {
			isa = PBXShellScriptBuildPhase;
			buildActionMask = 2147483647;
			files = (
			);
			inputFileListPaths = (
			);
			name = "[CP] Embed Pods Frameworks";
			outputFileListPaths = (
			);
			runOnlyForDeploymentPostprocessing = 0;
			shellPath = /bin/sh;
			shellScript = "\"${PODS_ROOT}/Target Support Files/Pods-DIExample-DIExampleUITests/Pods-DIExample-DIExampleUITests-frameworks.sh\"\n";
			showEnvVarsInLog = 0;
		};
/* End PBXShellScriptBuildPhase section */

/* Begin PBXSourcesBuildPhase section */
		E882812C2684F22E00B636AB /* Sources */ = {
			isa = PBXSourcesBuildPhase;
			buildActionMask = 2147483647;
			files = (
				E88281342684F22E00B636AB /* AppDelegate.swift in Sources */,
				E856C9EE2684FA36004127EE /* OverviewListView.swift in Sources */,
				E856C9F22684FAA6004127EE /* AnyViewConvertible.swift in Sources */,
				E88281362684F22E00B636AB /* SceneDelegate.swift in Sources */,
				E856C9F02684FA97004127EE /* OverviewViewModel.swift in Sources */,
				E856C9F426850599004127EE /* DependencyInjection.swift in Sources */,
				E88281382684F22E00B636AB /* ContentView.swift in Sources */,
			);
			runOnlyForDeploymentPostprocessing = 0;
		};
		E88281422684F23500B636AB /* Sources */ = {
			isa = PBXSourcesBuildPhase;
			buildActionMask = 2147483647;
			files = (
				E882814B2684F23500B636AB /* DIExampleTests.swift in Sources */,
			);
			runOnlyForDeploymentPostprocessing = 0;
		};
		E882814D2684F23500B636AB /* Sources */ = {
			isa = PBXSourcesBuildPhase;
			buildActionMask = 2147483647;
			files = (
				E88281562684F23500B636AB /* DIExampleUITests.swift in Sources */,
			);
			runOnlyForDeploymentPostprocessing = 0;
		};
/* End PBXSourcesBuildPhase section */

/* Begin PBXTargetDependency section */
		E88281482684F23500B636AB /* PBXTargetDependency */ = {
			isa = PBXTargetDependency;
			target = E882812F2684F22E00B636AB /* DIExample */;
			targetProxy = E88281472684F23500B636AB /* PBXContainerItemProxy */;
		};
		E88281532684F23500B636AB /* PBXTargetDependency */ = {
			isa = PBXTargetDependency;
			target = E882812F2684F22E00B636AB /* DIExample */;
			targetProxy = E88281522684F23500B636AB /* PBXContainerItemProxy */;
		};
/* End PBXTargetDependency section */

/* Begin PBXVariantGroup section */
		E882813E2684F23500B636AB /* LaunchScreen.storyboard */ = {
			isa = PBXVariantGroup;
			children = (
				E882813F2684F23500B636AB /* Base */,
			);
			name = LaunchScreen.storyboard;
			sourceTree = "<group>";
		};
/* End PBXVariantGroup section */

/* Begin XCBuildConfiguration section */
		E88281582684F23600B636AB /* Debug */ = {
			isa = XCBuildConfiguration;
			buildSettings = {
				ALWAYS_SEARCH_USER_PATHS = NO;
				CLANG_ANALYZER_NONNULL = YES;
				CLANG_ANALYZER_NUMBER_OBJECT_CONVERSION = YES_AGGRESSIVE;
				CLANG_CXX_LANGUAGE_STANDARD = "gnu++14";
				CLANG_CXX_LIBRARY = "libc++";
				CLANG_ENABLE_MODULES = YES;
				CLANG_ENABLE_OBJC_ARC = YES;
				CLANG_ENABLE_OBJC_WEAK = YES;
				CLANG_WARN_BLOCK_CAPTURE_AUTORELEASING = YES;
				CLANG_WARN_BOOL_CONVERSION = YES;
				CLANG_WARN_COMMA = YES;
				CLANG_WARN_CONSTANT_CONVERSION = YES;
				CLANG_WARN_DEPRECATED_OBJC_IMPLEMENTATIONS = YES;
				CLANG_WARN_DIRECT_OBJC_ISA_USAGE = YES_ERROR;
				CLANG_WARN_DOCUMENTATION_COMMENTS = YES;
				CLANG_WARN_EMPTY_BODY = YES;
				CLANG_WARN_ENUM_CONVERSION = YES;
				CLANG_WARN_INFINITE_RECURSION = YES;
				CLANG_WARN_INT_CONVERSION = YES;
				CLANG_WARN_NON_LITERAL_NULL_CONVERSION = YES;
				CLANG_WARN_OBJC_IMPLICIT_RETAIN_SELF = YES;
				CLANG_WARN_OBJC_LITERAL_CONVERSION = YES;
				CLANG_WARN_OBJC_ROOT_CLASS = YES_ERROR;
				CLANG_WARN_QUOTED_INCLUDE_IN_FRAMEWORK_HEADER = YES;
				CLANG_WARN_RANGE_LOOP_ANALYSIS = YES;
				CLANG_WARN_STRICT_PROTOTYPES = YES;
				CLANG_WARN_SUSPICIOUS_MOVE = YES;
				CLANG_WARN_UNGUARDED_AVAILABILITY = YES_AGGRESSIVE;
				CLANG_WARN_UNREACHABLE_CODE = YES;
				CLANG_WARN__DUPLICATE_METHOD_MATCH = YES;
				COPY_PHASE_STRIP = NO;
				DEBUG_INFORMATION_FORMAT = dwarf;
				ENABLE_STRICT_OBJC_MSGSEND = YES;
				ENABLE_TESTABILITY = YES;
				GCC_C_LANGUAGE_STANDARD = gnu11;
				GCC_DYNAMIC_NO_PIC = NO;
				GCC_NO_COMMON_BLOCKS = YES;
				GCC_OPTIMIZATION_LEVEL = 0;
				GCC_PREPROCESSOR_DEFINITIONS = (
					"DEBUG=1",
					"$(inherited)",
				);
				GCC_WARN_64_TO_32_BIT_CONVERSION = YES;
				GCC_WARN_ABOUT_RETURN_TYPE = YES_ERROR;
				GCC_WARN_UNDECLARED_SELECTOR = YES;
				GCC_WARN_UNINITIALIZED_AUTOS = YES_AGGRESSIVE;
				GCC_WARN_UNUSED_FUNCTION = YES;
				GCC_WARN_UNUSED_VARIABLE = YES;
				IPHONEOS_DEPLOYMENT_TARGET = 14.5;
				MTL_ENABLE_DEBUG_INFO = INCLUDE_SOURCE;
				MTL_FAST_MATH = YES;
				ONLY_ACTIVE_ARCH = YES;
				SDKROOT = iphoneos;
				SWIFT_ACTIVE_COMPILATION_CONDITIONS = DEBUG;
				SWIFT_OPTIMIZATION_LEVEL = "-Onone";
			};
			name = Debug;
		};
		E88281592684F23600B636AB /* Release */ = {
			isa = XCBuildConfiguration;
			buildSettings = {
				ALWAYS_SEARCH_USER_PATHS = NO;
				CLANG_ANALYZER_NONNULL = YES;
				CLANG_ANALYZER_NUMBER_OBJECT_CONVERSION = YES_AGGRESSIVE;
				CLANG_CXX_LANGUAGE_STANDARD = "gnu++14";
				CLANG_CXX_LIBRARY = "libc++";
				CLANG_ENABLE_MODULES = YES;
				CLANG_ENABLE_OBJC_ARC = YES;
				CLANG_ENABLE_OBJC_WEAK = YES;
				CLANG_WARN_BLOCK_CAPTURE_AUTORELEASING = YES;
				CLANG_WARN_BOOL_CONVERSION = YES;
				CLANG_WARN_COMMA = YES;
				CLANG_WARN_CONSTANT_CONVERSION = YES;
				CLANG_WARN_DEPRECATED_OBJC_IMPLEMENTATIONS = YES;
				CLANG_WARN_DIRECT_OBJC_ISA_USAGE = YES_ERROR;
				CLANG_WARN_DOCUMENTATION_COMMENTS = YES;
				CLANG_WARN_EMPTY_BODY = YES;
				CLANG_WARN_ENUM_CONVERSION = YES;
				CLANG_WARN_INFINITE_RECURSION = YES;
				CLANG_WARN_INT_CONVERSION = YES;
				CLANG_WARN_NON_LITERAL_NULL_CONVERSION = YES;
				CLANG_WARN_OBJC_IMPLICIT_RETAIN_SELF = YES;
				CLANG_WARN_OBJC_LITERAL_CONVERSION = YES;
				CLANG_WARN_OBJC_ROOT_CLASS = YES_ERROR;
				CLANG_WARN_QUOTED_INCLUDE_IN_FRAMEWORK_HEADER = YES;
				CLANG_WARN_RANGE_LOOP_ANALYSIS = YES;
				CLANG_WARN_STRICT_PROTOTYPES = YES;
				CLANG_WARN_SUSPICIOUS_MOVE = YES;
				CLANG_WARN_UNGUARDED_AVAILABILITY = YES_AGGRESSIVE;
				CLANG_WARN_UNREACHABLE_CODE = YES;
				CLANG_WARN__DUPLICATE_METHOD_MATCH = YES;
				COPY_PHASE_STRIP = NO;
				DEBUG_INFORMATION_FORMAT = "dwarf-with-dsym";
				ENABLE_NS_ASSERTIONS = NO;
				ENABLE_STRICT_OBJC_MSGSEND = YES;
				GCC_C_LANGUAGE_STANDARD = gnu11;
				GCC_NO_COMMON_BLOCKS = YES;
				GCC_WARN_64_TO_32_BIT_CONVERSION = YES;
				GCC_WARN_ABOUT_RETURN_TYPE = YES_ERROR;
				GCC_WARN_UNDECLARED_SELECTOR = YES;
				GCC_WARN_UNINITIALIZED_AUTOS = YES_AGGRESSIVE;
				GCC_WARN_UNUSED_FUNCTION = YES;
				GCC_WARN_UNUSED_VARIABLE = YES;
				IPHONEOS_DEPLOYMENT_TARGET = 14.5;
				MTL_ENABLE_DEBUG_INFO = NO;
				MTL_FAST_MATH = YES;
				SDKROOT = iphoneos;
				SWIFT_COMPILATION_MODE = wholemodule;
				SWIFT_OPTIMIZATION_LEVEL = "-O";
				VALIDATE_PRODUCT = YES;
			};
			name = Release;
		};
		E882815B2684F23600B636AB /* Debug */ = {
			isa = XCBuildConfiguration;
			baseConfigurationReference = 40404BB4EEA3E046224B08E8 /* Pods-DIExample.debug.xcconfig */;
			buildSettings = {
				ASSETCATALOG_COMPILER_APPICON_NAME = AppIcon;
				ASSETCATALOG_COMPILER_GLOBAL_ACCENT_COLOR_NAME = AccentColor;
				CODE_SIGN_STYLE = Automatic;
				DEVELOPMENT_ASSET_PATHS = "\"DIExample/Preview Content\"";
				ENABLE_PREVIEWS = YES;
				INFOPLIST_FILE = DIExample/Info.plist;
				LD_RUNPATH_SEARCH_PATHS = (
					"$(inherited)",
					"@executable_path/Frameworks",
				);
				PRODUCT_BUNDLE_IDENTIFIER = com.sebastianpickl.DIExample;
				PRODUCT_NAME = "$(TARGET_NAME)";
				SWIFT_VERSION = 5.0;
				TARGETED_DEVICE_FAMILY = "1,2";
			};
			name = Debug;
		};
		E882815C2684F23600B636AB /* Release */ = {
			isa = XCBuildConfiguration;
			baseConfigurationReference = D990234D698C1F0A5C45B60D /* Pods-DIExample.release.xcconfig */;
			buildSettings = {
				ASSETCATALOG_COMPILER_APPICON_NAME = AppIcon;
				ASSETCATALOG_COMPILER_GLOBAL_ACCENT_COLOR_NAME = AccentColor;
				CODE_SIGN_STYLE = Automatic;
				DEVELOPMENT_ASSET_PATHS = "\"DIExample/Preview Content\"";
				ENABLE_PREVIEWS = YES;
				INFOPLIST_FILE = DIExample/Info.plist;
				LD_RUNPATH_SEARCH_PATHS = (
					"$(inherited)",
					"@executable_path/Frameworks",
				);
				PRODUCT_BUNDLE_IDENTIFIER = com.sebastianpickl.DIExample;
				PRODUCT_NAME = "$(TARGET_NAME)";
				SWIFT_VERSION = 5.0;
				TARGETED_DEVICE_FAMILY = "1,2";
			};
			name = Release;
		};
		E882815E2684F23600B636AB /* Debug */ = {
			isa = XCBuildConfiguration;
			baseConfigurationReference = D556F61D9D6322169AF34F34 /* Pods-DIExampleTests.debug.xcconfig */;
			buildSettings = {
				BUNDLE_LOADER = "$(TEST_HOST)";
				CODE_SIGN_STYLE = Automatic;
				INFOPLIST_FILE = DIExampleTests/Info.plist;
				IPHONEOS_DEPLOYMENT_TARGET = 14.5;
				LD_RUNPATH_SEARCH_PATHS = (
					"$(inherited)",
					"@executable_path/Frameworks",
					"@loader_path/Frameworks",
				);
				PRODUCT_BUNDLE_IDENTIFIER = com.sebastianpickl.DIExampleTests;
				PRODUCT_NAME = "$(TARGET_NAME)";
				SWIFT_VERSION = 5.0;
				TARGETED_DEVICE_FAMILY = "1,2";
				TEST_HOST = "$(BUILT_PRODUCTS_DIR)/DIExample.app/DIExample";
			};
			name = Debug;
		};
		E882815F2684F23600B636AB /* Release */ = {
			isa = XCBuildConfiguration;
			baseConfigurationReference = 35626CDB80E606E4D1C94FF6 /* Pods-DIExampleTests.release.xcconfig */;
			buildSettings = {
				BUNDLE_LOADER = "$(TEST_HOST)";
				CODE_SIGN_STYLE = Automatic;
				INFOPLIST_FILE = DIExampleTests/Info.plist;
				IPHONEOS_DEPLOYMENT_TARGET = 14.5;
				LD_RUNPATH_SEARCH_PATHS = (
					"$(inherited)",
					"@executable_path/Frameworks",
					"@loader_path/Frameworks",
				);
				PRODUCT_BUNDLE_IDENTIFIER = com.sebastianpickl.DIExampleTests;
				PRODUCT_NAME = "$(TARGET_NAME)";
				SWIFT_VERSION = 5.0;
				TARGETED_DEVICE_FAMILY = "1,2";
				TEST_HOST = "$(BUILT_PRODUCTS_DIR)/DIExample.app/DIExample";
			};
			name = Release;
		};
		E88281612684F23600B636AB /* Debug */ = {
			isa = XCBuildConfiguration;
			baseConfigurationReference = ADA38048F27B704420055CDE /* Pods-DIExample-DIExampleUITests.debug.xcconfig */;
			buildSettings = {
				CODE_SIGN_STYLE = Automatic;
				INFOPLIST_FILE = DIExampleUITests/Info.plist;
				LD_RUNPATH_SEARCH_PATHS = (
					"$(inherited)",
					"@executable_path/Frameworks",
					"@loader_path/Frameworks",
				);
				PRODUCT_BUNDLE_IDENTIFIER = com.sebastianpickl.DIExampleUITests;
				PRODUCT_NAME = "$(TARGET_NAME)";
				SWIFT_VERSION = 5.0;
				TARGETED_DEVICE_FAMILY = "1,2";
				TEST_TARGET_NAME = DIExample;
			};
			name = Debug;
		};
		E88281622684F23600B636AB /* Release */ = {
			isa = XCBuildConfiguration;
			baseConfigurationReference = 5FC3785C5EAED6E6D87D7C76 /* Pods-DIExample-DIExampleUITests.release.xcconfig */;
			buildSettings = {
				CODE_SIGN_STYLE = Automatic;
				INFOPLIST_FILE = DIExampleUITests/Info.plist;
				LD_RUNPATH_SEARCH_PATHS = (
					"$(inherited)",
					"@executable_path/Frameworks",
					"@loader_path/Frameworks",
				);
				PRODUCT_BUNDLE_IDENTIFIER = com.sebastianpickl.DIExampleUITests;
				PRODUCT_NAME = "$(TARGET_NAME)";
				SWIFT_VERSION = 5.0;
				TARGETED_DEVICE_FAMILY = "1,2";
				TEST_TARGET_NAME = DIExample;
			};
			name = Release;
		};
/* End XCBuildConfiguration section */

/* Begin XCConfigurationList section */
		E882812B2684F22E00B636AB /* Build configuration list for PBXProject "DIExample" */ = {
			isa = XCConfigurationList;
			buildConfigurations = (
				E88281582684F23600B636AB /* Debug */,
				E88281592684F23600B636AB /* Release */,
			);
			defaultConfigurationIsVisible = 0;
			defaultConfigurationName = Release;
		};
		E882815A2684F23600B636AB /* Build configuration list for PBXNativeTarget "DIExample" */ = {
			isa = XCConfigurationList;
			buildConfigurations = (
				E882815B2684F23600B636AB /* Debug */,
				E882815C2684F23600B636AB /* Release */,
			);
			defaultConfigurationIsVisible = 0;
			defaultConfigurationName = Release;
		};
		E882815D2684F23600B636AB /* Build configuration list for PBXNativeTarget "DIExampleTests" */ = {
			isa = XCConfigurationList;
			buildConfigurations = (
				E882815E2684F23600B636AB /* Debug */,
				E882815F2684F23600B636AB /* Release */,
			);
			defaultConfigurationIsVisible = 0;
			defaultConfigurationName = Release;
		};
		E88281602684F23600B636AB /* Build configuration list for PBXNativeTarget "DIExampleUITests" */ = {
			isa = XCConfigurationList;
			buildConfigurations = (
				E88281612684F23600B636AB /* Debug */,
				E88281622684F23600B636AB /* Release */,
			);
			defaultConfigurationIsVisible = 0;
			defaultConfigurationName = Release;
		};
/* End XCConfigurationList section */
	};
	rootObject = E88281282684F22E00B636AB /* Project object */;
}
